
Microsoft Visual Studio Solution File, Format Version 12.00
# Visual Studio Version 17
VisualStudioVersion = 17.13.35828.75
MinimumVisualStudioVersion = 10.0.40219.1
Project("{FAE04EC0-301F-11D3-BF4B-00C04F79EFBC}") = "GeradorProtocolo", "GeradorProtocolo\GeradorProtocolo.csproj", "{B837BB21-1B91-4EE9-9914-77AAF3218FD7}"
EndProject
Project("{54435603-DBB4-11D2-8724-00A0C9A8B90C}") = "Gerador de Protocolos", "Gerador de Protocolos\Gerador de Protocolos.vdproj", "{10618845-5030-5EE1-0563-EA02EE2E35F5}"
EndProject
Global
	GlobalSection(SolutionConfigurationPlatforms) = preSolution
		Debug|Any CPU = Debug|Any CPU
		Release|Any CPU = Release|Any CPU
	EndGlobalSection
	GlobalSection(ProjectConfigurationPlatforms) = postSolution
		{B837BB21-1B91-4EE9-9914-77AAF3218FD7}.Debug|Any CPU.ActiveCfg = Debug|Any CPU
		{B837BB21-1B91-4EE9-9914-77AAF3218FD7}.Debug|Any CPU.Build.0 = Debug|Any CPU
		{B837BB21-1B91-4EE9-9914-77AAF3218FD7}.Release|Any CPU.ActiveCfg = Release|Any CPU
		{B837BB21-1B91-4EE9-9914-77AAF3218FD7}.Release|Any CPU.Build.0 = Release|Any CPU
		{10618845-5030-5EE1-0563-EA02EE2E35F5}.Debug|Any CPU.ActiveCfg = Debug
		{10618845-5030-5EE1-0563-EA02EE2E35F5}.Debug|Any CPU.Build.0 = Debug
		{10618845-5030-5EE1-0563-EA02EE2E35F5}.Release|Any CPU.ActiveCfg = Release
		{10618845-5030-5EE1-0563-EA02EE2E35F5}.Release|Any CPU.Build.0 = Release
	EndGlobalSection
	GlobalSection(SolutionProperties) = preSolution
		HideSolutionNode = FALSE
	EndGlobalSection
	GlobalSection(ExtensibilityGlobals) = postSolution
		SolutionGuid = {95AD97D5-C12A-4108-8E80-4CDDB557C837}
	EndGlobalSection
EndGlobal
